{
	"name": "@ballerina/visualize-syntax-tree",
	"version": "2.0.0-Preview6-SNAPSHOT",
	"lockfileVersion": 1,
	"requires": true,
	"dependencies": {
		"elkjs": {
			"version": "0.7.0",
			"resolved": "https://registry.npmjs.org/elkjs/-/elkjs-0.7.0.tgz",
			"integrity": "sha512-lddP9+t2AR7vzfJI8ccKrjwxWzwfXAqglikw97UYPchQEKZ4GCxye1rhVfst26CrGUxwcabOdXTG3Cnf1tYWKQ=="
		}
	}
}
